// !$*UTF8*$!
{
	archiveVersion = 1;
	classes = {
	};
	objectVersion = 56;
	objects = {

/* Begin PBXBuildFile section */
		3B0AE00D2B21A18300E8AC11 /* vicanApp.swift in Sources */ = {isa = PBXBuildFile; fileRef = 3B0AE00C2B21A18300E8AC11 /* vicanApp.swift */; };
		3B0AE00F2B21A18300E8AC11 /* HomeView.swift in Sources */ = {isa = PBXBuildFile; fileRef = 3B0AE00E2B21A18300E8AC11 /* HomeView.swift */; };
		3B0AE0112B21A18500E8AC11 /* Assets.xcassets in Resources */ = {isa = PBXBuildFile; fileRef = 3B0AE0102B21A18500E8AC11 /* Assets.xcassets */; };
		3B0AE0142B21A18500E8AC11 /* Preview Assets.xcassets in Resources */ = {isa = PBXBuildFile; fileRef = 3B0AE0132B21A18500E8AC11 /* Preview Assets.xcassets */; };
		3BD3FDA92B2334FE00DEA070 /* LoginView.swift in Sources */ = {isa = PBXBuildFile; fileRef = 3BD3FDA82B2334FE00DEA070 /* LoginView.swift */; };
		3BD3FDAC2B23385900DEA070 /* AppCore.swift in Sources */ = {isa = PBXBuildFile; fileRef = 3BD3FDAB2B23385900DEA070 /* AppCore.swift */; };
		3BD3FDB12B23743E00DEA070 /* String+phoneNumberFormatter.swift in Sources */ = {isa = PBXBuildFile; fileRef = 3BD3FDB02B23743E00DEA070 /* String+phoneNumberFormatter.swift */; };
		3BD3FDB52B23929800DEA070 /* Login+ViewModel.swift in Sources */ = {isa = PBXBuildFile; fileRef = 3BD3FDB42B23929800DEA070 /* Login+ViewModel.swift */; };
		3BD3FDB72B23999D00DEA070 /* String+regex.swift in Sources */ = {isa = PBXBuildFile; fileRef = 3BD3FDB62B23999D00DEA070 /* String+regex.swift */; };
		3BD550242B2DB4DA00B6737F /* LoaderView.swift in Sources */ = {isa = PBXBuildFile; fileRef = 3BD550232B2DB4DA00B6737F /* LoaderView.swift */; };
		3BD92BE12B337A5E00BAFFD8 /* LabelWithSpacingStyle.swift in Sources */ = {isa = PBXBuildFile; fileRef = 3BD92BE02B337A5E00BAFFD8 /* LabelWithSpacingStyle.swift */; };
		3BDEBEC32B2E3A2D00302CB0 /* WorkspacesView.swift in Sources */ = {isa = PBXBuildFile; fileRef = 3BDEBEC22B2E3A2D00302CB0 /* WorkspacesView.swift */; };
		3BDEBEC52B2E3A9100302CB0 /* Workspace.swift in Sources */ = {isa = PBXBuildFile; fileRef = 3BDEBEC42B2E3A9100302CB0 /* Workspace.swift */; };
		3BDEBEC82B2E3D1500302CB0 /* WorkspaceRow.swift in Sources */ = {isa = PBXBuildFile; fileRef = 3BDEBEC72B2E3D1500302CB0 /* WorkspaceRow.swift */; };
		3BDEBECB2B2E3D3300302CB0 /* WorkspaceDetail.swift in Sources */ = {isa = PBXBuildFile; fileRef = 3BDEBECA2B2E3D3300302CB0 /* WorkspaceDetail.swift */; };
		3BDEBED12B2E461D00302CB0 /* AuthFlow.swift in Sources */ = {isa = PBXBuildFile; fileRef = 3BDEBED02B2E461D00302CB0 /* AuthFlow.swift */; };
		3BDEBED32B2E62EB00302CB0 /* WorkspaceFlow.swift in Sources */ = {isa = PBXBuildFile; fileRef = 3BDEBED22B2E62EB00302CB0 /* WorkspaceFlow.swift */; };
		3BEB2BE32B2B9FBD00079E82 /* VerifyCodeInputView.swift in Sources */ = {isa = PBXBuildFile; fileRef = 3BEB2BE22B2B9FBD00079E82 /* VerifyCodeInputView.swift */; };
		3BF7AA802B2493DA00FB2947 /* VerifyPhone+ViewModel.swift in Sources */ = {isa = PBXBuildFile; fileRef = 3BF7AA7F2B2493DA00FB2947 /* VerifyPhone+ViewModel.swift */; };
		3BF7AA842B24942C00FB2947 /* VerifyPhoneView.swift in Sources */ = {isa = PBXBuildFile; fileRef = 3BF7AA832B24942C00FB2947 /* VerifyPhoneView.swift */; };
		3BF7AA882B25011900FB2947 /* Int+index.swift in Sources */ = {isa = PBXBuildFile; fileRef = 3BF7AA872B25011900FB2947 /* Int+index.swift */; };
		3BF7AA8B2B250D0600FB2947 /* AuthService.swift in Sources */ = {isa = PBXBuildFile; fileRef = 3BF7AA8A2B250D0600FB2947 /* AuthService.swift */; };
		3BF7AA8D2B250F7800FB2947 /* DummyAuthService.swift in Sources */ = {isa = PBXBuildFile; fileRef = 3BF7AA8C2B250F7800FB2947 /* DummyAuthService.swift */; };
		3BF7AA932B252FAD00FB2947 /* AppRootManager.swift in Sources */ = {isa = PBXBuildFile; fileRef = 3BF7AA922B252FAD00FB2947 /* AppRootManager.swift */; };
		3BF7AA952B2542CD00FB2947 /* SplashView.swift in Sources */ = {isa = PBXBuildFile; fileRef = 3BF7AA942B2542CD00FB2947 /* SplashView.swift */; };
/* End PBXBuildFile section */

/* Begin PBXFileReference section */
		3B0AE0092B21A18300E8AC11 /* vican.app */ = {isa = PBXFileReference; explicitFileType = wrapper.application; includeInIndex = 0; path = vican.app; sourceTree = BUILT_PRODUCTS_DIR; };
		3B0AE00C2B21A18300E8AC11 /* vicanApp.swift */ = {isa = PBXFileReference; lastKnownFileType = sourcecode.swift; path = vicanApp.swift; sourceTree = "<group>"; };
		3B0AE00E2B21A18300E8AC11 /* HomeView.swift */ = {isa = PBXFileReference; lastKnownFileType = sourcecode.swift; path = HomeView.swift; sourceTree = "<group>"; };
		3B0AE0102B21A18500E8AC11 /* Assets.xcassets */ = {isa = PBXFileReference; lastKnownFileType = folder.assetcatalog; path = Assets.xcassets; sourceTree = "<group>"; };
		3B0AE0132B21A18500E8AC11 /* Preview Assets.xcassets */ = {isa = PBXFileReference; lastKnownFileType = folder.assetcatalog; path = "Preview Assets.xcassets"; sourceTree = "<group>"; };
		3BD3FDA82B2334FE00DEA070 /* LoginView.swift */ = {isa = PBXFileReference; lastKnownFileType = sourcecode.swift; path = LoginView.swift; sourceTree = "<group>"; };
		3BD3FDAB2B23385900DEA070 /* AppCore.swift */ = {isa = PBXFileReference; lastKnownFileType = sourcecode.swift; path = AppCore.swift; sourceTree = "<group>"; };
		3BD3FDB02B23743E00DEA070 /* String+phoneNumberFormatter.swift */ = {isa = PBXFileReference; lastKnownFileType = sourcecode.swift; path = "String+phoneNumberFormatter.swift"; sourceTree = "<group>"; };
		3BD3FDB42B23929800DEA070 /* Login+ViewModel.swift */ = {isa = PBXFileReference; lastKnownFileType = sourcecode.swift; path = "Login+ViewModel.swift"; sourceTree = "<group>"; };
		3BD3FDB62B23999D00DEA070 /* String+regex.swift */ = {isa = PBXFileReference; lastKnownFileType = sourcecode.swift; path = "String+regex.swift"; sourceTree = "<group>"; };
		3BD550232B2DB4DA00B6737F /* LoaderView.swift */ = {isa = PBXFileReference; lastKnownFileType = sourcecode.swift; path = LoaderView.swift; sourceTree = "<group>"; };
		3BD92BE02B337A5E00BAFFD8 /* LabelWithSpacingStyle.swift */ = {isa = PBXFileReference; lastKnownFileType = sourcecode.swift; path = LabelWithSpacingStyle.swift; sourceTree = "<group>"; };
		3BDEBEC22B2E3A2D00302CB0 /* WorkspacesView.swift */ = {isa = PBXFileReference; lastKnownFileType = sourcecode.swift; path = WorkspacesView.swift; sourceTree = "<group>"; };
		3BDEBEC42B2E3A9100302CB0 /* Workspace.swift */ = {isa = PBXFileReference; lastKnownFileType = sourcecode.swift; path = Workspace.swift; sourceTree = "<group>"; };
		3BDEBEC72B2E3D1500302CB0 /* WorkspaceRow.swift */ = {isa = PBXFileReference; lastKnownFileType = sourcecode.swift; path = WorkspaceRow.swift; sourceTree = "<group>"; };
		3BDEBECA2B2E3D3300302CB0 /* WorkspaceDetail.swift */ = {isa = PBXFileReference; lastKnownFileType = sourcecode.swift; path = WorkspaceDetail.swift; sourceTree = "<group>"; };
		3BDEBED02B2E461D00302CB0 /* AuthFlow.swift */ = {isa = PBXFileReference; lastKnownFileType = sourcecode.swift; path = AuthFlow.swift; sourceTree = "<group>"; };
		3BDEBED22B2E62EB00302CB0 /* WorkspaceFlow.swift */ = {isa = PBXFileReference; lastKnownFileType = sourcecode.swift; path = WorkspaceFlow.swift; sourceTree = "<group>"; };
		3BEB2BE22B2B9FBD00079E82 /* VerifyCodeInputView.swift */ = {isa = PBXFileReference; lastKnownFileType = sourcecode.swift; path = VerifyCodeInputView.swift; sourceTree = "<group>"; };
		3BF7AA7F2B2493DA00FB2947 /* VerifyPhone+ViewModel.swift */ = {isa = PBXFileReference; lastKnownFileType = sourcecode.swift; path = "VerifyPhone+ViewModel.swift"; sourceTree = "<group>"; };
		3BF7AA832B24942C00FB2947 /* VerifyPhoneView.swift */ = {isa = PBXFileReference; lastKnownFileType = sourcecode.swift; path = VerifyPhoneView.swift; sourceTree = "<group>"; };
		3BF7AA872B25011900FB2947 /* Int+index.swift */ = {isa = PBXFileReference; lastKnownFileType = sourcecode.swift; path = "Int+index.swift"; sourceTree = "<group>"; };
		3BF7AA8A2B250D0600FB2947 /* AuthService.swift */ = {isa = PBXFileReference; lastKnownFileType = sourcecode.swift; path = AuthService.swift; sourceTree = "<group>"; };
		3BF7AA8C2B250F7800FB2947 /* DummyAuthService.swift */ = {isa = PBXFileReference; lastKnownFileType = sourcecode.swift; path = DummyAuthService.swift; sourceTree = "<group>"; };
		3BF7AA922B252FAD00FB2947 /* AppRootManager.swift */ = {isa = PBXFileReference; lastKnownFileType = sourcecode.swift; path = AppRootManager.swift; sourceTree = "<group>"; };
		3BF7AA942B2542CD00FB2947 /* SplashView.swift */ = {isa = PBXFileReference; lastKnownFileType = sourcecode.swift; path = SplashView.swift; sourceTree = "<group>"; };
/* End PBXFileReference section */

/* Begin PBXFrameworksBuildPhase section */
		3B0AE0062B21A18300E8AC11 /* Frameworks */ = {
			isa = PBXFrameworksBuildPhase;
			buildActionMask = 2147483647;
			files = (
			);
			runOnlyForDeploymentPostprocessing = 0;
		};
/* End PBXFrameworksBuildPhase section */

/* Begin PBXGroup section */
		3B0AE0002B21A18300E8AC11 = {
			isa = PBXGroup;
			children = (
				3B0AE00B2B21A18300E8AC11 /* vican */,
				3B0AE00A2B21A18300E8AC11 /* Products */,
			);
			sourceTree = "<group>";
		};
		3B0AE00A2B21A18300E8AC11 /* Products */ = {
			isa = PBXGroup;
			children = (
				3B0AE0092B21A18300E8AC11 /* vican.app */,
			);
			name = Products;
			sourceTree = "<group>";
		};
		3B0AE00B2B21A18300E8AC11 /* vican */ = {
			isa = PBXGroup;
			children = (
				3BDEBECC2B2E431200302CB0 /* Modules */,
				3BD550252B2DB5A200B6737F /* Shared */,
				3BD3FDB32B2388C500DEA070 /* Core */,
				3BF7AA942B2542CD00FB2947 /* SplashView.swift */,
				3B0AE00C2B21A18300E8AC11 /* vicanApp.swift */,
				3B0AE0102B21A18500E8AC11 /* Assets.xcassets */,
				3B0AE0122B21A18500E8AC11 /* Preview Content */,
			);
			path = vican;
			sourceTree = "<group>";
		};
		3B0AE0122B21A18500E8AC11 /* Preview Content */ = {
			isa = PBXGroup;
			children = (
				3B0AE0132B21A18500E8AC11 /* Preview Assets.xcassets */,
			);
			path = "Preview Content";
			sourceTree = "<group>";
		};
		3BD3FDAA2B23350700DEA070 /* Auth */ = {
			isa = PBXGroup;
			children = (
				3BEB2BE12B2B9FA500079E82 /* Components */,
				3BF7AA892B250CB100FB2947 /* Network */,
				3BF7AA822B2493E500FB2947 /* VerifyPhone */,
				3BF7AA812B2493DD00FB2947 /* Login */,
				3BDEBED02B2E461D00302CB0 /* AuthFlow.swift */,
			);
			path = Auth;
			sourceTree = "<group>";
		};
		3BD3FDAF2B23743100DEA070 /* Extensions */ = {
			isa = PBXGroup;
			children = (
				3BD3FDB02B23743E00DEA070 /* String+phoneNumberFormatter.swift */,
				3BD3FDB62B23999D00DEA070 /* String+regex.swift */,
				3BF7AA872B25011900FB2947 /* Int+index.swift */,
			);
			path = Extensions;
			sourceTree = "<group>";
		};
		3BD3FDB32B2388C500DEA070 /* Core */ = {
			isa = PBXGroup;
			children = (
				3BD3FDAB2B23385900DEA070 /* AppCore.swift */,
				3BF7AA922B252FAD00FB2947 /* AppRootManager.swift */,
			);
			path = Core;
			sourceTree = "<group>";
		};
		3BD550252B2DB5A200B6737F /* Shared */ = {
			isa = PBXGroup;
			children = (
				3BDEBECD2B2E436600302CB0 /* Components */,
				3BD3FDAF2B23743100DEA070 /* Extensions */,
			);
			path = Shared;
			sourceTree = "<group>";
		};
		3BDEBEC12B2E3A1E00302CB0 /* Workspace */ = {
			isa = PBXGroup;
			children = (
				3BDEBECE2B2E450A00302CB0 /* Models */,
				3BDEBECF2B2E452100302CB0 /* WorkspaceList */,
				3BDEBEC92B2E3D2C00302CB0 /* WorkspaceDetail */,
				3BDEBED22B2E62EB00302CB0 /* WorkspaceFlow.swift */,
			);
			path = Workspace;
			sourceTree = "<group>";
		};
		3BDEBEC92B2E3D2C00302CB0 /* WorkspaceDetail */ = {
			isa = PBXGroup;
			children = (
				3BDEBECA2B2E3D3300302CB0 /* WorkspaceDetail.swift */,
			);
			path = WorkspaceDetail;
			sourceTree = "<group>";
		};
		3BDEBECC2B2E431200302CB0 /* Modules */ = {
			isa = PBXGroup;
			children = (
				3BD3FDAA2B23350700DEA070 /* Auth */,
				3BF7AA972B2545CC00FB2947 /* Home */,
				3BDEBEC12B2E3A1E00302CB0 /* Workspace */,
			);
			path = Modules;
			sourceTree = "<group>";
		};
		3BDEBECD2B2E436600302CB0 /* Components */ = {
			isa = PBXGroup;
			children = (
				3BD550232B2DB4DA00B6737F /* LoaderView.swift */,
				3BD92BE02B337A5E00BAFFD8 /* LabelWithSpacingStyle.swift */,
			);
			path = Components;
			sourceTree = "<group>";
		};
		3BDEBECE2B2E450A00302CB0 /* Models */ = {
			isa = PBXGroup;
			children = (
				3BDEBEC42B2E3A9100302CB0 /* Workspace.swift */,
			);
			path = Models;
			sourceTree = "<group>";
		};
		3BDEBECF2B2E452100302CB0 /* WorkspaceList */ = {
			isa = PBXGroup;
			children = (
				3BDEBEC22B2E3A2D00302CB0 /* WorkspacesView.swift */,
				3BDEBEC72B2E3D1500302CB0 /* WorkspaceRow.swift */,
			);
			path = WorkspaceList;
			sourceTree = "<group>";
		};
		3BEB2BE12B2B9FA500079E82 /* Components */ = {
			isa = PBXGroup;
			children = (
				3BEB2BE22B2B9FBD00079E82 /* VerifyCodeInputView.swift */,
			);
			path = Components;
			sourceTree = "<group>";
		};
		3BF7AA812B2493DD00FB2947 /* Login */ = {
			isa = PBXGroup;
			children = (
				3BD3FDA82B2334FE00DEA070 /* LoginView.swift */,
				3BD3FDB42B23929800DEA070 /* Login+ViewModel.swift */,
			);
			path = Login;
			sourceTree = "<group>";
		};
		3BF7AA822B2493E500FB2947 /* VerifyPhone */ = {
			isa = PBXGroup;
			children = (
				3BF7AA832B24942C00FB2947 /* VerifyPhoneView.swift */,
				3BF7AA7F2B2493DA00FB2947 /* VerifyPhone+ViewModel.swift */,
			);
			path = VerifyPhone;
			sourceTree = "<group>";
		};
		3BF7AA892B250CB100FB2947 /* Network */ = {
			isa = PBXGroup;
			children = (
				3BF7AA8A2B250D0600FB2947 /* AuthService.swift */,
				3BF7AA8C2B250F7800FB2947 /* DummyAuthService.swift */,
			);
			path = Network;
			sourceTree = "<group>";
		};
		3BF7AA972B2545CC00FB2947 /* Home */ = {
			isa = PBXGroup;
			children = (
				3B0AE00E2B21A18300E8AC11 /* HomeView.swift */,
			);
			path = Home;
			sourceTree = "<group>";
		};
/* End PBXGroup section */

/* Begin PBXNativeTarget section */
		3B0AE0082B21A18300E8AC11 /* vican */ = {
			isa = PBXNativeTarget;
			buildConfigurationList = 3B0AE0172B21A18500E8AC11 /* Build configuration list for PBXNativeTarget "vican" */;
			buildPhases = (
				3B0AE0052B21A18300E8AC11 /* Sources */,
				3B0AE0062B21A18300E8AC11 /* Frameworks */,
				3B0AE0072B21A18300E8AC11 /* Resources */,
			);
			buildRules = (
			);
			dependencies = (
			);
			name = vican;
			productName = vican;
			productReference = 3B0AE0092B21A18300E8AC11 /* vican.app */;
			productType = "com.apple.product-type.application";
		};
/* End PBXNativeTarget section */

/* Begin PBXProject section */
		3B0AE0012B21A18300E8AC11 /* Project object */ = {
			isa = PBXProject;
			attributes = {
				BuildIndependentTargetsInParallel = 1;
				LastSwiftUpdateCheck = 1500;
				LastUpgradeCheck = 1500;
				TargetAttributes = {
					3B0AE0082B21A18300E8AC11 = {
						CreatedOnToolsVersion = 15.0.1;
					};
				};
			};
			buildConfigurationList = 3B0AE0042B21A18300E8AC11 /* Build configuration list for PBXProject "vican" */;
			compatibilityVersion = "Xcode 14.0";
			developmentRegion = en;
			hasScannedForEncodings = 0;
			knownRegions = (
				en,
				Base,
			);
			mainGroup = 3B0AE0002B21A18300E8AC11;
			productRefGroup = 3B0AE00A2B21A18300E8AC11 /* Products */;
			projectDirPath = "";
			projectRoot = "";
			targets = (
				3B0AE0082B21A18300E8AC11 /* vican */,
			);
		};
/* End PBXProject section */

/* Begin PBXResourcesBuildPhase section */
		3B0AE0072B21A18300E8AC11 /* Resources */ = {
			isa = PBXResourcesBuildPhase;
			buildActionMask = 2147483647;
			files = (
				3B0AE0142B21A18500E8AC11 /* Preview Assets.xcassets in Resources */,
				3B0AE0112B21A18500E8AC11 /* Assets.xcassets in Resources */,
			);
			runOnlyForDeploymentPostprocessing = 0;
		};
/* End PBXResourcesBuildPhase section */

/* Begin PBXSourcesBuildPhase section */
		3B0AE0052B21A18300E8AC11 /* Sources */ = {
			isa = PBXSourcesBuildPhase;
			buildActionMask = 2147483647;
			files = (
				3BEB2BE32B2B9FBD00079E82 /* VerifyCodeInputView.swift in Sources */,
				3BF7AA952B2542CD00FB2947 /* SplashView.swift in Sources */,
				3BF7AA8D2B250F7800FB2947 /* DummyAuthService.swift in Sources */,
				3BF7AA882B25011900FB2947 /* Int+index.swift in Sources */,
				3BDEBEC32B2E3A2D00302CB0 /* WorkspacesView.swift in Sources */,
				3BD3FDA92B2334FE00DEA070 /* LoginView.swift in Sources */,
				3BF7AA932B252FAD00FB2947 /* AppRootManager.swift in Sources */,
				3BD3FDB12B23743E00DEA070 /* String+phoneNumberFormatter.swift in Sources */,
				3BF7AA802B2493DA00FB2947 /* VerifyPhone+ViewModel.swift in Sources */,
				3BF7AA842B24942C00FB2947 /* VerifyPhoneView.swift in Sources */,
				3BD3FDB52B23929800DEA070 /* Login+ViewModel.swift in Sources */,
				3BD92BE12B337A5E00BAFFD8 /* LabelWithSpacingStyle.swift in Sources */,
				3BD3FDAC2B23385900DEA070 /* AppCore.swift in Sources */,
				3B0AE00F2B21A18300E8AC11 /* HomeView.swift in Sources */,
				3B0AE00D2B21A18300E8AC11 /* vicanApp.swift in Sources */,
				3BD3FDB72B23999D00DEA070 /* String+regex.swift in Sources */,
				3BDEBEC82B2E3D1500302CB0 /* WorkspaceRow.swift in Sources */,
				3BDEBEC52B2E3A9100302CB0 /* Workspace.swift in Sources */,
				3BD550242B2DB4DA00B6737F /* LoaderView.swift in Sources */,
				3BDEBECB2B2E3D3300302CB0 /* WorkspaceDetail.swift in Sources */,
				3BDEBED32B2E62EB00302CB0 /* WorkspaceFlow.swift in Sources */,
				3BF7AA8B2B250D0600FB2947 /* AuthService.swift in Sources */,
				3BDEBED12B2E461D00302CB0 /* AuthFlow.swift in Sources */,
			);
			runOnlyForDeploymentPostprocessing = 0;
		};
/* End PBXSourcesBuildPhase section */

/* Begin XCBuildConfiguration section */
		3B0AE0152B21A18500E8AC11 /* Debug */ = {
			isa = XCBuildConfiguration;
			buildSettings = {
				ALWAYS_SEARCH_USER_PATHS = NO;
				ASSETCATALOG_COMPILER_GENERATE_SWIFT_ASSET_SYMBOL_EXTENSIONS = YES;
				CLANG_ANALYZER_NONNULL = YES;
				CLANG_ANALYZER_NUMBER_OBJECT_CONVERSION = YES_AGGRESSIVE;
				CLANG_CXX_LANGUAGE_STANDARD = "gnu++20";
				CLANG_ENABLE_MODULES = YES;
				CLANG_ENABLE_OBJC_ARC = YES;
				CLANG_ENABLE_OBJC_WEAK = YES;
				CLANG_WARN_BLOCK_CAPTURE_AUTORELEASING = YES;
				CLANG_WARN_BOOL_CONVERSION = YES;
				CLANG_WARN_COMMA = YES;
				CLANG_WARN_CONSTANT_CONVERSION = YES;
				CLANG_WARN_DEPRECATED_OBJC_IMPLEMENTATIONS = YES;
				CLANG_WARN_DIRECT_OBJC_ISA_USAGE = YES_ERROR;
				CLANG_WARN_DOCUMENTATION_COMMENTS = YES;
				CLANG_WARN_EMPTY_BODY = YES;
				CLANG_WARN_ENUM_CONVERSION = YES;
				CLANG_WARN_INFINITE_RECURSION = YES;
				CLANG_WARN_INT_CONVERSION = YES;
				CLANG_WARN_NON_LITERAL_NULL_CONVERSION = YES;
				CLANG_WARN_OBJC_IMPLICIT_RETAIN_SELF = YES;
				CLANG_WARN_OBJC_LITERAL_CONVERSION = YES;
				CLANG_WARN_OBJC_ROOT_CLASS = YES_ERROR;
				CLANG_WARN_QUOTED_INCLUDE_IN_FRAMEWORK_HEADER = YES;
				CLANG_WARN_RANGE_LOOP_ANALYSIS = YES;
				CLANG_WARN_STRICT_PROTOTYPES = YES;
				CLANG_WARN_SUSPICIOUS_MOVE = YES;
				CLANG_WARN_UNGUARDED_AVAILABILITY = YES_AGGRESSIVE;
				CLANG_WARN_UNREACHABLE_CODE = YES;
				CLANG_WARN__DUPLICATE_METHOD_MATCH = YES;
				COPY_PHASE_STRIP = NO;
				DEBUG_INFORMATION_FORMAT = dwarf;
				ENABLE_STRICT_OBJC_MSGSEND = YES;
				ENABLE_TESTABILITY = YES;
				ENABLE_USER_SCRIPT_SANDBOXING = YES;
				GCC_C_LANGUAGE_STANDARD = gnu17;
				GCC_DYNAMIC_NO_PIC = NO;
				GCC_NO_COMMON_BLOCKS = YES;
				GCC_OPTIMIZATION_LEVEL = 0;
				GCC_PREPROCESSOR_DEFINITIONS = (
					"DEBUG=1",
					"$(inherited)",
				);
				GCC_WARN_64_TO_32_BIT_CONVERSION = YES;
				GCC_WARN_ABOUT_RETURN_TYPE = YES_ERROR;
				GCC_WARN_UNDECLARED_SELECTOR = YES;
				GCC_WARN_UNINITIALIZED_AUTOS = YES_AGGRESSIVE;
				GCC_WARN_UNUSED_FUNCTION = YES;
				GCC_WARN_UNUSED_VARIABLE = YES;
				IPHONEOS_DEPLOYMENT_TARGET = 15.0;
				LOCALIZATION_PREFERS_STRING_CATALOGS = YES;
				MTL_ENABLE_DEBUG_INFO = INCLUDE_SOURCE;
				MTL_FAST_MATH = YES;
				ONLY_ACTIVE_ARCH = YES;
				SDKROOT = iphoneos;
				SWIFT_ACTIVE_COMPILATION_CONDITIONS = "DEBUG $(inherited)";
				SWIFT_OPTIMIZATION_LEVEL = "-Onone";
			};
			name = Debug;
		};
		3B0AE0162B21A18500E8AC11 /* Release */ = {
			isa = XCBuildConfiguration;
			buildSettings = {
				ALWAYS_SEARCH_USER_PATHS = NO;
				ASSETCATALOG_COMPILER_GENERATE_SWIFT_ASSET_SYMBOL_EXTENSIONS = YES;
				CLANG_ANALYZER_NONNULL = YES;
				CLANG_ANALYZER_NUMBER_OBJECT_CONVERSION = YES_AGGRESSIVE;
				CLANG_CXX_LANGUAGE_STANDARD = "gnu++20";
				CLANG_ENABLE_MODULES = YES;
				CLANG_ENABLE_OBJC_ARC = YES;
				CLANG_ENABLE_OBJC_WEAK = YES;
				CLANG_WARN_BLOCK_CAPTURE_AUTORELEASING = YES;
				CLANG_WARN_BOOL_CONVERSION = YES;
				CLANG_WARN_COMMA = YES;
				CLANG_WARN_CONSTANT_CONVERSION = YES;
				CLANG_WARN_DEPRECATED_OBJC_IMPLEMENTATIONS = YES;
				CLANG_WARN_DIRECT_OBJC_ISA_USAGE = YES_ERROR;
				CLANG_WARN_DOCUMENTATION_COMMENTS = YES;
				CLANG_WARN_EMPTY_BODY = YES;
				CLANG_WARN_ENUM_CONVERSION = YES;
				CLANG_WARN_INFINITE_RECURSION = YES;
				CLANG_WARN_INT_CONVERSION = YES;
				CLANG_WARN_NON_LITERAL_NULL_CONVERSION = YES;
				CLANG_WARN_OBJC_IMPLICIT_RETAIN_SELF = YES;
				CLANG_WARN_OBJC_LITERAL_CONVERSION = YES;
				CLANG_WARN_OBJC_ROOT_CLASS = YES_ERROR;
				CLANG_WARN_QUOTED_INCLUDE_IN_FRAMEWORK_HEADER = YES;
				CLANG_WARN_RANGE_LOOP_ANALYSIS = YES;
				CLANG_WARN_STRICT_PROTOTYPES = YES;
				CLANG_WARN_SUSPICIOUS_MOVE = YES;
				CLANG_WARN_UNGUARDED_AVAILABILITY = YES_AGGRESSIVE;
				CLANG_WARN_UNREACHABLE_CODE = YES;
				CLANG_WARN__DUPLICATE_METHOD_MATCH = YES;
				COPY_PHASE_STRIP = NO;
				DEBUG_INFORMATION_FORMAT = "dwarf-with-dsym";
				ENABLE_NS_ASSERTIONS = NO;
				ENABLE_STRICT_OBJC_MSGSEND = YES;
				ENABLE_USER_SCRIPT_SANDBOXING = YES;
				GCC_C_LANGUAGE_STANDARD = gnu17;
				GCC_NO_COMMON_BLOCKS = YES;
				GCC_WARN_64_TO_32_BIT_CONVERSION = YES;
				GCC_WARN_ABOUT_RETURN_TYPE = YES_ERROR;
				GCC_WARN_UNDECLARED_SELECTOR = YES;
				GCC_WARN_UNINITIALIZED_AUTOS = YES_AGGRESSIVE;
				GCC_WARN_UNUSED_FUNCTION = YES;
				GCC_WARN_UNUSED_VARIABLE = YES;
				IPHONEOS_DEPLOYMENT_TARGET = 15.0;
				LOCALIZATION_PREFERS_STRING_CATALOGS = YES;
				MTL_ENABLE_DEBUG_INFO = NO;
				MTL_FAST_MATH = YES;
				SDKROOT = iphoneos;
				SWIFT_COMPILATION_MODE = wholemodule;
				VALIDATE_PRODUCT = YES;
			};
			name = Release;
		};
		3B0AE0182B21A18500E8AC11 /* Debug */ = {
			isa = XCBuildConfiguration;
			buildSettings = {
				ASSETCATALOG_COMPILER_APPICON_NAME = AppIcon;
				ASSETCATALOG_COMPILER_GLOBAL_ACCENT_COLOR_NAME = AccentColor;
				CODE_SIGN_STYLE = Automatic;
				CURRENT_PROJECT_VERSION = 1;
				DEVELOPMENT_ASSET_PATHS = "\"vican/Preview Content\"";
				DEVELOPMENT_TEAM = WCQRQ8RKJR;
				ENABLE_PREVIEWS = YES;
				GENERATE_INFOPLIST_FILE = YES;
				INFOPLIST_KEY_UIApplicationSceneManifest_Generation = YES;
				INFOPLIST_KEY_UIApplicationSupportsIndirectInputEvents = YES;
				INFOPLIST_KEY_UILaunchScreen_Generation = YES;
				INFOPLIST_KEY_UISupportedInterfaceOrientations_iPad = "UIInterfaceOrientationPortrait UIInterfaceOrientationPortraitUpsideDown UIInterfaceOrientationLandscapeLeft UIInterfaceOrientationLandscapeRight";
				INFOPLIST_KEY_UISupportedInterfaceOrientations_iPhone = "UIInterfaceOrientationPortrait UIInterfaceOrientationLandscapeLeft UIInterfaceOrientationLandscapeRight";
				IPHONEOS_DEPLOYMENT_TARGET = 15.0;
				LD_RUNPATH_SEARCH_PATHS = (
					"$(inherited)",
					"@executable_path/Frameworks",
				);
				MARKETING_VERSION = 1.0;
				PRODUCT_BUNDLE_IDENTIFIER = com.m00nbek.vican;
				PRODUCT_NAME = "$(TARGET_NAME)";
				SWIFT_EMIT_LOC_STRINGS = YES;
				SWIFT_VERSION = 5.0;
				TARGETED_DEVICE_FAMILY = "1,2";
			};
			name = Debug;
		};
		3B0AE0192B21A18500E8AC11 /* Release */ = {
			isa = XCBuildConfiguration;
			buildSettings = {
				ASSETCATALOG_COMPILER_APPICON_NAME = AppIcon;
				ASSETCATALOG_COMPILER_GLOBAL_ACCENT_COLOR_NAME = AccentColor;
				CODE_SIGN_STYLE = Automatic;
				CURRENT_PROJECT_VERSION = 1;
				DEVELOPMENT_ASSET_PATHS = "\"vican/Preview Content\"";
				DEVELOPMENT_TEAM = WCQRQ8RKJR;
				ENABLE_PREVIEWS = YES;
				GENERATE_INFOPLIST_FILE = YES;
				INFOPLIST_KEY_UIApplicationSceneManifest_Generation = YES;
				INFOPLIST_KEY_UIApplicationSupportsIndirectInputEvents = YES;
				INFOPLIST_KEY_UILaunchScreen_Generation = YES;
				INFOPLIST_KEY_UISupportedInterfaceOrientations_iPad = "UIInterfaceOrientationPortrait UIInterfaceOrientationPortraitUpsideDown UIInterfaceOrientationLandscapeLeft UIInterfaceOrientationLandscapeRight";
				INFOPLIST_KEY_UISupportedInterfaceOrientations_iPhone = "UIInterfaceOrientationPortrait UIInterfaceOrientationLandscapeLeft UIInterfaceOrientationLandscapeRight";
				IPHONEOS_DEPLOYMENT_TARGET = 15.0;
				LD_RUNPATH_SEARCH_PATHS = (
					"$(inherited)",
					"@executable_path/Frameworks",
				);
				MARKETING_VERSION = 1.0;
				PRODUCT_BUNDLE_IDENTIFIER = com.m00nbek.vican;
				PRODUCT_NAME = "$(TARGET_NAME)";
				SWIFT_EMIT_LOC_STRINGS = YES;
				SWIFT_VERSION = 5.0;
				TARGETED_DEVICE_FAMILY = "1,2";
			};
			name = Release;
		};
/* End XCBuildConfiguration section */

/* Begin XCConfigurationList section */
		3B0AE0042B21A18300E8AC11 /* Build configuration list for PBXProject "vican" */ = {
			isa = XCConfigurationList;
			buildConfigurations = (
				3B0AE0152B21A18500E8AC11 /* Debug */,
				3B0AE0162B21A18500E8AC11 /* Release */,
			);
			defaultConfigurationIsVisible = 0;
			defaultConfigurationName = Release;
		};
		3B0AE0172B21A18500E8AC11 /* Build configuration list for PBXNativeTarget "vican" */ = {
			isa = XCConfigurationList;
			buildConfigurations = (
				3B0AE0182B21A18500E8AC11 /* Debug */,
				3B0AE0192B21A18500E8AC11 /* Release */,
			);
			defaultConfigurationIsVisible = 0;
			defaultConfigurationName = Release;
		};
/* End XCConfigurationList section */
	};
	rootObject = 3B0AE0012B21A18300E8AC11 /* Project object */;
}
